// !$*UTF8*$!
{
	archiveVersion = 1;
	classes = {
	};
	objectVersion = 46;
	objects = {

/* Begin PBXBuildFile section */
		7A8FB4371CA966C40022E2B2 /* TvDBActorParser.swift in Sources */ = {isa = PBXBuildFile; fileRef = 7A8FB4361CA966C40022E2B2 /* TvDBActorParser.swift */; };
		7A8FB4391CA966F80022E2B2 /* TvDBSearchParser.swift in Sources */ = {isa = PBXBuildFile; fileRef = 7A8FB4381CA966F80022E2B2 /* TvDBSearchParser.swift */; };
		7A8FB43B1CA9A0930022E2B2 /* TvDBUpdateParser.swift in Sources */ = {isa = PBXBuildFile; fileRef = 7A8FB43A1CA9A0930022E2B2 /* TvDBUpdateParser.swift */; };
		7A8FB43D1CA9A4B00022E2B2 /* TvDBSerieParser.swift in Sources */ = {isa = PBXBuildFile; fileRef = 7A8FB43C1CA9A4B00022E2B2 /* TvDBSerieParser.swift */; };
		7A8FB43F1CA9A4C10022E2B2 /* TvDBEpisodeParser.swift in Sources */ = {isa = PBXBuildFile; fileRef = 7A8FB43E1CA9A4C10022E2B2 /* TvDBEpisodeParser.swift */; };
		7A8FB4411CAC12FA0022E2B2 /* SeriesTabBarController.swift in Sources */ = {isa = PBXBuildFile; fileRef = 7A8FB4401CAC12FA0022E2B2 /* SeriesTabBarController.swift */; };
		7A8FB4431CAC18220022E2B2 /* Actor.swift in Sources */ = {isa = PBXBuildFile; fileRef = 7A8FB4421CAC18220022E2B2 /* Actor.swift */; };
		7A8FB4451CAC184F0022E2B2 /* ActorsCollectionViewController.swift in Sources */ = {isa = PBXBuildFile; fileRef = 7A8FB4441CAC184F0022E2B2 /* ActorsCollectionViewController.swift */; };
		7A8FB4471CAC189A0022E2B2 /* ActorCollectionViewCell.swift in Sources */ = {isa = PBXBuildFile; fileRef = 7A8FB4461CAC189A0022E2B2 /* ActorCollectionViewCell.swift */; };
		7A8FB44B1CAC226F0022E2B2 /* placeholder.jpg in Resources */ = {isa = PBXBuildFile; fileRef = 7A8FB44A1CAC226F0022E2B2 /* placeholder.jpg */; };
		7A8FB44D1CAC2E3A0022E2B2 /* SettingsTableViewController.swift in Sources */ = {isa = PBXBuildFile; fileRef = 7A8FB44C1CAC2E3A0022E2B2 /* SettingsTableViewController.swift */; };
		7A8FB44F1CAC326A0022E2B2 /* TvDBLanguageParser.swift in Sources */ = {isa = PBXBuildFile; fileRef = 7A8FB44E1CAC326A0022E2B2 /* TvDBLanguageParser.swift */; };
		7ABEE8DC1CAD577C000BCFDF /* NextEpisodesTableViewController.swift in Sources */ = {isa = PBXBuildFile; fileRef = 7ABEE8DB1CAD577C000BCFDF /* NextEpisodesTableViewController.swift */; };
		9005F8F61C9AFCA30091EB5C /* Episode.swift in Sources */ = {isa = PBXBuildFile; fileRef = 9005F8F51C9AFCA30091EB5C /* Episode.swift */; };
		9005F8F81C9B12670091EB5C /* Season.swift in Sources */ = {isa = PBXBuildFile; fileRef = 9005F8F71C9B12670091EB5C /* Season.swift */; };
		9005F8FA1C9B1D810091EB5C /* EpisodesTableViewController.swift in Sources */ = {isa = PBXBuildFile; fileRef = 9005F8F91C9B1D810091EB5C /* EpisodesTableViewController.swift */; };
		902646411C9A17A200E2537A /* UIImageColors.swift in Sources */ = {isa = PBXBuildFile; fileRef = 902646401C9A17A200E2537A /* UIImageColors.swift */; };
		902646431C9AE91D00E2537A /* Int + intToTime.swift in Sources */ = {isa = PBXBuildFile; fileRef = 902646421C9AE91D00E2537A /* Int + intToTime.swift */; };
		902705CA1C97502700755ADC /* AppDelegate.swift in Sources */ = {isa = PBXBuildFile; fileRef = 902705C91C97502700755ADC /* AppDelegate.swift */; };
		902705CC1C97502700755ADC /* SearchViewController.swift in Sources */ = {isa = PBXBuildFile; fileRef = 902705CB1C97502700755ADC /* SearchViewController.swift */; };
		902705CF1C97502700755ADC /* Main.storyboard in Resources */ = {isa = PBXBuildFile; fileRef = 902705CD1C97502700755ADC /* Main.storyboard */; };
		902705D11C97502700755ADC /* Assets.xcassets in Resources */ = {isa = PBXBuildFile; fileRef = 902705D01C97502700755ADC /* Assets.xcassets */; };
		902705D41C97502700755ADC /* LaunchScreen.storyboard in Resources */ = {isa = PBXBuildFile; fileRef = 902705D21C97502700755ADC /* LaunchScreen.storyboard */; };
		902705DC1C97583800755ADC /* SearchResult.swift in Sources */ = {isa = PBXBuildFile; fileRef = 902705DB1C97583800755ADC /* SearchResult.swift */; };
		902705DE1C97687100755ADC /* MySeriesTableViewController.swift in Sources */ = {isa = PBXBuildFile; fileRef = 902705DD1C97687100755ADC /* MySeriesTableViewController.swift */; };
		902705E01C976DC900755ADC /* Serie.swift in Sources */ = {isa = PBXBuildFile; fileRef = 902705DF1C976DC900755ADC /* Serie.swift */; };
		902705E21C976FD500755ADC /* SerieBannerCell.xib in Resources */ = {isa = PBXBuildFile; fileRef = 902705E11C976FD500755ADC /* SerieBannerCell.xib */; };
		902705E41C97716C00755ADC /* SerieBannerTableViewCell.swift in Sources */ = {isa = PBXBuildFile; fileRef = 902705E31C97716C00755ADC /* SerieBannerTableViewCell.swift */; };
		902705E61C981FE400755ADC /* HelperFunctions.swift in Sources */ = {isa = PBXBuildFile; fileRef = 902705E51C981FE400755ADC /* HelperFunctions.swift */; };
		902705E81C9821EF00755ADC /* TvDBApiSingleton.swift in Sources */ = {isa = PBXBuildFile; fileRef = 902705E71C9821EF00755ADC /* TvDBApiSingleton.swift */; };
		902705EA1C984F7C00755ADC /* MySeries.swift in Sources */ = {isa = PBXBuildFile; fileRef = 902705E91C984F7C00755ADC /* MySeries.swift */; };
		902705EC1C98874B00755ADC /* SeriesInfoViewController.swift in Sources */ = {isa = PBXBuildFile; fileRef = 902705EB1C98874B00755ADC /* SeriesInfoViewController.swift */; };
/* End PBXBuildFile section */

/* Begin PBXFileReference section */
		7A8FB4361CA966C40022E2B2 /* TvDBActorParser.swift */ = {isa = PBXFileReference; fileEncoding = 4; lastKnownFileType = sourcecode.swift; path = TvDBActorParser.swift; sourceTree = "<group>"; };
		7A8FB4381CA966F80022E2B2 /* TvDBSearchParser.swift */ = {isa = PBXFileReference; fileEncoding = 4; lastKnownFileType = sourcecode.swift; path = TvDBSearchParser.swift; sourceTree = "<group>"; };
		7A8FB43A1CA9A0930022E2B2 /* TvDBUpdateParser.swift */ = {isa = PBXFileReference; fileEncoding = 4; lastKnownFileType = sourcecode.swift; path = TvDBUpdateParser.swift; sourceTree = "<group>"; };
		7A8FB43C1CA9A4B00022E2B2 /* TvDBSerieParser.swift */ = {isa = PBXFileReference; fileEncoding = 4; lastKnownFileType = sourcecode.swift; path = TvDBSerieParser.swift; sourceTree = "<group>"; };
		7A8FB43E1CA9A4C10022E2B2 /* TvDBEpisodeParser.swift */ = {isa = PBXFileReference; fileEncoding = 4; lastKnownFileType = sourcecode.swift; path = TvDBEpisodeParser.swift; sourceTree = "<group>"; };
		7A8FB4401CAC12FA0022E2B2 /* SeriesTabBarController.swift */ = {isa = PBXFileReference; fileEncoding = 4; lastKnownFileType = sourcecode.swift; path = SeriesTabBarController.swift; sourceTree = "<group>"; };
		7A8FB4421CAC18220022E2B2 /* Actor.swift */ = {isa = PBXFileReference; fileEncoding = 4; lastKnownFileType = sourcecode.swift; path = Actor.swift; sourceTree = "<group>"; };
		7A8FB4441CAC184F0022E2B2 /* ActorsCollectionViewController.swift */ = {isa = PBXFileReference; fileEncoding = 4; lastKnownFileType = sourcecode.swift; path = ActorsCollectionViewController.swift; sourceTree = "<group>"; };
		7A8FB4461CAC189A0022E2B2 /* ActorCollectionViewCell.swift */ = {isa = PBXFileReference; fileEncoding = 4; lastKnownFileType = sourcecode.swift; path = ActorCollectionViewCell.swift; sourceTree = "<group>"; };
		7A8FB44A1CAC226F0022E2B2 /* placeholder.jpg */ = {isa = PBXFileReference; lastKnownFileType = image.jpeg; name = placeholder.jpg; path = ../placeholder.jpg; sourceTree = "<group>"; };
		7A8FB44C1CAC2E3A0022E2B2 /* SettingsTableViewController.swift */ = {isa = PBXFileReference; fileEncoding = 4; lastKnownFileType = sourcecode.swift; path = SettingsTableViewController.swift; sourceTree = "<group>"; };
		7A8FB44E1CAC326A0022E2B2 /* TvDBLanguageParser.swift */ = {isa = PBXFileReference; fileEncoding = 4; lastKnownFileType = sourcecode.swift; path = TvDBLanguageParser.swift; sourceTree = "<group>"; };
		7ABEE8DB1CAD577C000BCFDF /* NextEpisodesTableViewController.swift */ = {isa = PBXFileReference; fileEncoding = 4; lastKnownFileType = sourcecode.swift; path = NextEpisodesTableViewController.swift; sourceTree = "<group>"; };
		9005F8F51C9AFCA30091EB5C /* Episode.swift */ = {isa = PBXFileReference; fileEncoding = 4; lastKnownFileType = sourcecode.swift; path = Episode.swift; sourceTree = "<group>"; };
		9005F8F71C9B12670091EB5C /* Season.swift */ = {isa = PBXFileReference; fileEncoding = 4; lastKnownFileType = sourcecode.swift; path = Season.swift; sourceTree = "<group>"; };
		9005F8F91C9B1D810091EB5C /* EpisodesTableViewController.swift */ = {isa = PBXFileReference; fileEncoding = 4; lastKnownFileType = sourcecode.swift; path = EpisodesTableViewController.swift; sourceTree = "<group>"; };
		902646401C9A17A200E2537A /* UIImageColors.swift */ = {isa = PBXFileReference; fileEncoding = 4; lastKnownFileType = sourcecode.swift; name = UIImageColors.swift; path = ../UIImageColors.swift; sourceTree = "<group>"; };
		902646421C9AE91D00E2537A /* Int + intToTime.swift */ = {isa = PBXFileReference; fileEncoding = 4; lastKnownFileType = sourcecode.swift; path = "Int + intToTime.swift"; sourceTree = "<group>"; };
		902705C61C97502600755ADC /* MyTvShows.app */ = {isa = PBXFileReference; explicitFileType = wrapper.application; includeInIndex = 0; path = MyTvShows.app; sourceTree = BUILT_PRODUCTS_DIR; };
		902705C91C97502700755ADC /* AppDelegate.swift */ = {isa = PBXFileReference; lastKnownFileType = sourcecode.swift; path = AppDelegate.swift; sourceTree = "<group>"; };
		902705CB1C97502700755ADC /* SearchViewController.swift */ = {isa = PBXFileReference; lastKnownFileType = sourcecode.swift; path = SearchViewController.swift; sourceTree = "<group>"; };
		902705CE1C97502700755ADC /* Base */ = {isa = PBXFileReference; lastKnownFileType = file.storyboard; name = Base; path = Base.lproj/Main.storyboard; sourceTree = "<group>"; };
		902705D01C97502700755ADC /* Assets.xcassets */ = {isa = PBXFileReference; lastKnownFileType = folder.assetcatalog; path = Assets.xcassets; sourceTree = "<group>"; };
		902705D31C97502700755ADC /* Base */ = {isa = PBXFileReference; lastKnownFileType = file.storyboard; name = Base; path = Base.lproj/LaunchScreen.storyboard; sourceTree = "<group>"; };
		902705D51C97502700755ADC /* Info.plist */ = {isa = PBXFileReference; lastKnownFileType = text.plist.xml; path = Info.plist; sourceTree = "<group>"; };
		902705DB1C97583800755ADC /* SearchResult.swift */ = {isa = PBXFileReference; fileEncoding = 4; lastKnownFileType = sourcecode.swift; path = SearchResult.swift; sourceTree = "<group>"; };
		902705DD1C97687100755ADC /* MySeriesTableViewController.swift */ = {isa = PBXFileReference; fileEncoding = 4; lastKnownFileType = sourcecode.swift; path = MySeriesTableViewController.swift; sourceTree = "<group>"; };
		902705DF1C976DC900755ADC /* Serie.swift */ = {isa = PBXFileReference; fileEncoding = 4; lastKnownFileType = sourcecode.swift; path = Serie.swift; sourceTree = "<group>"; };
		902705E11C976FD500755ADC /* SerieBannerCell.xib */ = {isa = PBXFileReference; fileEncoding = 4; lastKnownFileType = file.xib; path = SerieBannerCell.xib; sourceTree = "<group>"; };
		902705E31C97716C00755ADC /* SerieBannerTableViewCell.swift */ = {isa = PBXFileReference; fileEncoding = 4; lastKnownFileType = sourcecode.swift; path = SerieBannerTableViewCell.swift; sourceTree = "<group>"; };
		902705E51C981FE400755ADC /* HelperFunctions.swift */ = {isa = PBXFileReference; fileEncoding = 4; lastKnownFileType = sourcecode.swift; path = HelperFunctions.swift; sourceTree = "<group>"; };
		902705E71C9821EF00755ADC /* TvDBApiSingleton.swift */ = {isa = PBXFileReference; fileEncoding = 4; lastKnownFileType = sourcecode.swift; path = TvDBApiSingleton.swift; sourceTree = "<group>"; };
		902705E91C984F7C00755ADC /* MySeries.swift */ = {isa = PBXFileReference; fileEncoding = 4; lastKnownFileType = sourcecode.swift; path = MySeries.swift; sourceTree = "<group>"; };
		902705EB1C98874B00755ADC /* SeriesInfoViewController.swift */ = {isa = PBXFileReference; fileEncoding = 4; lastKnownFileType = sourcecode.swift; path = SeriesInfoViewController.swift; sourceTree = "<group>"; };
/* End PBXFileReference section */

/* Begin PBXFrameworksBuildPhase section */
		902705C31C97502600755ADC /* Frameworks */ = {
			isa = PBXFrameworksBuildPhase;
			buildActionMask = 2147483647;
			files = (
			);
			runOnlyForDeploymentPostprocessing = 0;
		};
/* End PBXFrameworksBuildPhase section */

/* Begin PBXGroup section */
		7A8FB4301CA6D4B20022E2B2 /* Controllers */ = {
			isa = PBXGroup;
			children = (
				902705DD1C97687100755ADC /* MySeriesTableViewController.swift */,
				902705CB1C97502700755ADC /* SearchViewController.swift */,
				7A8FB44C1CAC2E3A0022E2B2 /* SettingsTableViewController.swift */,
				7A8FB4441CAC184F0022E2B2 /* ActorsCollectionViewController.swift */,
				7ABEE8DB1CAD577C000BCFDF /* NextEpisodesTableViewController.swift */,
				902705EB1C98874B00755ADC /* SeriesInfoViewController.swift */,
				9005F8F91C9B1D810091EB5C /* EpisodesTableViewController.swift */,
				7A8FB4401CAC12FA0022E2B2 /* SeriesTabBarController.swift */,
			);
			name = Controllers;
			sourceTree = "<group>";
		};
		7A8FB4311CA6D4C60022E2B2 /* Model */ = {
			isa = PBXGroup;
			children = (
				902705DB1C97583800755ADC /* SearchResult.swift */,
				7A8FB4421CAC18220022E2B2 /* Actor.swift */,
				902705E91C984F7C00755ADC /* MySeries.swift */,
				902705DF1C976DC900755ADC /* Serie.swift */,
				9005F8F71C9B12670091EB5C /* Season.swift */,
				9005F8F51C9AFCA30091EB5C /* Episode.swift */,
			);
			name = Model;
			sourceTree = "<group>";
		};
		7A8FB4321CA6D4F10022E2B2 /* Views */ = {
			isa = PBXGroup;
			children = (
				7A8FB4461CAC189A0022E2B2 /* ActorCollectionViewCell.swift */,
				902705E31C97716C00755ADC /* SerieBannerTableViewCell.swift */,
				902705E11C976FD500755ADC /* SerieBannerCell.xib */,
			);
			name = Views;
			sourceTree = "<group>";
		};
		7A8FB4351CA9668E0022E2B2 /* TvDBApi */ = {
			isa = PBXGroup;
			children = (
				902705E71C9821EF00755ADC /* TvDBApiSingleton.swift */,
				7A8FB44E1CAC326A0022E2B2 /* TvDBLanguageParser.swift */,
				7A8FB43C1CA9A4B00022E2B2 /* TvDBSerieParser.swift */,
				7A8FB43E1CA9A4C10022E2B2 /* TvDBEpisodeParser.swift */,
				7A8FB43A1CA9A0930022E2B2 /* TvDBUpdateParser.swift */,
				7A8FB4361CA966C40022E2B2 /* TvDBActorParser.swift */,
				7A8FB4381CA966F80022E2B2 /* TvDBSearchParser.swift */,
			);
			name = TvDBApi;
			sourceTree = "<group>";
		};
		902705BD1C97502600755ADC = {
			isa = PBXGroup;
			children = (
				902705C81C97502700755ADC /* MyTvShows */,
				902705C71C97502600755ADC /* Products */,
			);
			sourceTree = "<group>";
		};
		902705C71C97502600755ADC /* Products */ = {
			isa = PBXGroup;
			children = (
				902705C61C97502600755ADC /* MyTvShows.app */,
			);
			name = Products;
			sourceTree = "<group>";
		};
		902705C81C97502700755ADC /* MyTvShows */ = {
			isa = PBXGroup;
			children = (
				902705C91C97502700755ADC /* AppDelegate.swift */,
				7A8FB4351CA9668E0022E2B2 /* TvDBApi */,
				7A8FB4311CA6D4C60022E2B2 /* Model */,
				7A8FB4301CA6D4B20022E2B2 /* Controllers */,
				7A8FB4321CA6D4F10022E2B2 /* Views */,
				902705E51C981FE400755ADC /* HelperFunctions.swift */,
				902646401C9A17A200E2537A /* UIImageColors.swift */,
				902646421C9AE91D00E2537A /* Int + intToTime.swift */,
				7A8FB44A1CAC226F0022E2B2 /* placeholder.jpg */,
				902705CD1C97502700755ADC /* Main.storyboard */,
				902705D01C97502700755ADC /* Assets.xcassets */,
				902705D21C97502700755ADC /* LaunchScreen.storyboard */,
				902705D51C97502700755ADC /* Info.plist */,
			);
			path = MyTvShows;
			sourceTree = "<group>";
		};
/* End PBXGroup section */

/* Begin PBXNativeTarget section */
		902705C51C97502600755ADC /* MyTvShows */ = {
			isa = PBXNativeTarget;
			buildConfigurationList = 902705D81C97502700755ADC /* Build configuration list for PBXNativeTarget "MyTvShows" */;
			buildPhases = (
				902705C21C97502600755ADC /* Sources */,
				902705C31C97502600755ADC /* Frameworks */,
				902705C41C97502600755ADC /* Resources */,
			);
			buildRules = (
			);
			dependencies = (
			);
			name = MyTvShows;
			productName = MyTvShows;
			productReference = 902705C61C97502600755ADC /* MyTvShows.app */;
			productType = "com.apple.product-type.application";
		};
/* End PBXNativeTarget section */

/* Begin PBXProject section */
		902705BE1C97502600755ADC /* Project object */ = {
			isa = PBXProject;
			attributes = {
				LastSwiftUpdateCheck = 0720;
				LastUpgradeCheck = 0720;
				ORGANIZATIONNAME = "Romain Hild";
				TargetAttributes = {
					902705C51C97502600755ADC = {
						CreatedOnToolsVersion = 7.2.1;
						DevelopmentTeam = U34ZVBHBJ7;
					};
				};
			};
			buildConfigurationList = 902705C11C97502600755ADC /* Build configuration list for PBXProject "MyTvShows" */;
			compatibilityVersion = "Xcode 3.2";
			developmentRegion = English;
			hasScannedForEncodings = 0;
			knownRegions = (
				en,
				Base,
			);
			mainGroup = 902705BD1C97502600755ADC;
			productRefGroup = 902705C71C97502600755ADC /* Products */;
			projectDirPath = "";
			projectRoot = "";
			targets = (
				902705C51C97502600755ADC /* MyTvShows */,
			);
		};
/* End PBXProject section */

/* Begin PBXResourcesBuildPhase section */
		902705C41C97502600755ADC /* Resources */ = {
			isa = PBXResourcesBuildPhase;
			buildActionMask = 2147483647;
			files = (
				902705D41C97502700755ADC /* LaunchScreen.storyboard in Resources */,
				902705D11C97502700755ADC /* Assets.xcassets in Resources */,
				902705E21C976FD500755ADC /* SerieBannerCell.xib in Resources */,
				7A8FB44B1CAC226F0022E2B2 /* placeholder.jpg in Resources */,
				902705CF1C97502700755ADC /* Main.storyboard in Resources */,
			);
			runOnlyForDeploymentPostprocessing = 0;
		};
/* End PBXResourcesBuildPhase section */

/* Begin PBXSourcesBuildPhase section */
		902705C21C97502600755ADC /* Sources */ = {
			isa = PBXSourcesBuildPhase;
			buildActionMask = 2147483647;
			files = (
				7A8FB43F1CA9A4C10022E2B2 /* TvDBEpisodeParser.swift in Sources */,
				902705DE1C97687100755ADC /* MySeriesTableViewController.swift in Sources */,
				902646411C9A17A200E2537A /* UIImageColors.swift in Sources */,
				902705E61C981FE400755ADC /* HelperFunctions.swift in Sources */,
				902705CC1C97502700755ADC /* SearchViewController.swift in Sources */,
				902705DC1C97583800755ADC /* SearchResult.swift in Sources */,
				7A8FB43B1CA9A0930022E2B2 /* TvDBUpdateParser.swift in Sources */,
				7A8FB4391CA966F80022E2B2 /* TvDBSearchParser.swift in Sources */,
				902705CA1C97502700755ADC /* AppDelegate.swift in Sources */,
				7A8FB4431CAC18220022E2B2 /* Actor.swift in Sources */,
				7A8FB43D1CA9A4B00022E2B2 /* TvDBSerieParser.swift in Sources */,
				7A8FB44D1CAC2E3A0022E2B2 /* SettingsTableViewController.swift in Sources */,
				902705E41C97716C00755ADC /* SerieBannerTableViewCell.swift in Sources */,
				9005F8F61C9AFCA30091EB5C /* Episode.swift in Sources */,
				7A8FB44F1CAC326A0022E2B2 /* TvDBLanguageParser.swift in Sources */,
				7A8FB4371CA966C40022E2B2 /* TvDBActorParser.swift in Sources */,
				7A8FB4451CAC184F0022E2B2 /* ActorsCollectionViewController.swift in Sources */,
				902646431C9AE91D00E2537A /* Int + intToTime.swift in Sources */,
				7A8FB4471CAC189A0022E2B2 /* ActorCollectionViewCell.swift in Sources */,
				902705E81C9821EF00755ADC /* TvDBApiSingleton.swift in Sources */,
				902705E01C976DC900755ADC /* Serie.swift in Sources */,
				7A8FB4411CAC12FA0022E2B2 /* SeriesTabBarController.swift in Sources */,
				902705EA1C984F7C00755ADC /* MySeries.swift in Sources */,
				9005F8FA1C9B1D810091EB5C /* EpisodesTableViewController.swift in Sources */,
				9005F8F81C9B12670091EB5C /* Season.swift in Sources */,
				7ABEE8DC1CAD577C000BCFDF /* NextEpisodesTableViewController.swift in Sources */,
				902705EC1C98874B00755ADC /* SeriesInfoViewController.swift in Sources */,
			);
			runOnlyForDeploymentPostprocessing = 0;
		};
/* End PBXSourcesBuildPhase section */

/* Begin PBXVariantGroup section */
		902705CD1C97502700755ADC /* Main.storyboard */ = {
			isa = PBXVariantGroup;
			children = (
				902705CE1C97502700755ADC /* Base */,
			);
			name = Main.storyboard;
			sourceTree = "<group>";
		};
		902705D21C97502700755ADC /* LaunchScreen.storyboard */ = {
			isa = PBXVariantGroup;
			children = (
				902705D31C97502700755ADC /* Base */,
			);
			name = LaunchScreen.storyboard;
			sourceTree = "<group>";
		};
/* End PBXVariantGroup section */

/* Begin XCBuildConfiguration section */
		902705D61C97502700755ADC /* Debug */ = {
			isa = XCBuildConfiguration;
			buildSettings = {
				ALWAYS_SEARCH_USER_PATHS = NO;
				CLANG_CXX_LANGUAGE_STANDARD = "gnu++0x";
				CLANG_CXX_LIBRARY = "libc++";
				CLANG_ENABLE_MODULES = YES;
				CLANG_ENABLE_OBJC_ARC = YES;
				CLANG_WARN_BOOL_CONVERSION = YES;
				CLANG_WARN_CONSTANT_CONVERSION = YES;
				CLANG_WARN_DIRECT_OBJC_ISA_USAGE = YES_ERROR;
				CLANG_WARN_EMPTY_BODY = YES;
				CLANG_WARN_ENUM_CONVERSION = YES;
				CLANG_WARN_INT_CONVERSION = YES;
				CLANG_WARN_OBJC_ROOT_CLASS = YES_ERROR;
				CLANG_WARN_UNREACHABLE_CODE = YES;
				CLANG_WARN__DUPLICATE_METHOD_MATCH = YES;
				"CODE_SIGN_IDENTITY[sdk=iphoneos*]" = "iPhone Developer";
				COPY_PHASE_STRIP = NO;
				DEBUG_INFORMATION_FORMAT = dwarf;
				ENABLE_STRICT_OBJC_MSGSEND = YES;
				ENABLE_TESTABILITY = YES;
				GCC_C_LANGUAGE_STANDARD = gnu99;
				GCC_DYNAMIC_NO_PIC = NO;
				GCC_NO_COMMON_BLOCKS = YES;
				GCC_OPTIMIZATION_LEVEL = 0;
				GCC_PREPROCESSOR_DEFINITIONS = (
					"DEBUG=1",
					"$(inherited)",
				);
				GCC_WARN_64_TO_32_BIT_CONVERSION = YES;
				GCC_WARN_ABOUT_RETURN_TYPE = YES_ERROR;
				GCC_WARN_UNDECLARED_SELECTOR = YES;
				GCC_WARN_UNINITIALIZED_AUTOS = YES_AGGRESSIVE;
				GCC_WARN_UNUSED_FUNCTION = YES;
				GCC_WARN_UNUSED_VARIABLE = YES;
				IPHONEOS_DEPLOYMENT_TARGET = 9.2;
				MTL_ENABLE_DEBUG_INFO = YES;
				ONLY_ACTIVE_ARCH = YES;
				SDKROOT = iphoneos;
				SWIFT_OPTIMIZATION_LEVEL = "-Onone";
			};
			name = Debug;
		};
		902705D71C97502700755ADC /* Release */ = {
			isa = XCBuildConfiguration;
			buildSettings = {
				ALWAYS_SEARCH_USER_PATHS = NO;
				CLANG_CXX_LANGUAGE_STANDARD = "gnu++0x";
				CLANG_CXX_LIBRARY = "libc++";
				CLANG_ENABLE_MODULES = YES;
				CLANG_ENABLE_OBJC_ARC = YES;
				CLANG_WARN_BOOL_CONVERSION = YES;
				CLANG_WARN_CONSTANT_CONVERSION = YES;
				CLANG_WARN_DIRECT_OBJC_ISA_USAGE = YES_ERROR;
				CLANG_WARN_EMPTY_BODY = YES;
				CLANG_WARN_ENUM_CONVERSION = YES;
				CLANG_WARN_INT_CONVERSION = YES;
				CLANG_WARN_OBJC_ROOT_CLASS = YES_ERROR;
				CLANG_WARN_UNREACHABLE_CODE = YES;
				CLANG_WARN__DUPLICATE_METHOD_MATCH = YES;
				"CODE_SIGN_IDENTITY[sdk=iphoneos*]" = "iPhone Developer";
				COPY_PHASE_STRIP = NO;
				DEBUG_INFORMATION_FORMAT = "dwarf-with-dsym";
				ENABLE_NS_ASSERTIONS = NO;
				ENABLE_STRICT_OBJC_MSGSEND = YES;
				GCC_C_LANGUAGE_STANDARD = gnu99;
				GCC_NO_COMMON_BLOCKS = YES;
				GCC_WARN_64_TO_32_BIT_CONVERSION = YES;
				GCC_WARN_ABOUT_RETURN_TYPE = YES_ERROR;
				GCC_WARN_UNDECLARED_SELECTOR = YES;
				GCC_WARN_UNINITIALIZED_AUTOS = YES_AGGRESSIVE;
				GCC_WARN_UNUSED_FUNCTION = YES;
				GCC_WARN_UNUSED_VARIABLE = YES;
				IPHONEOS_DEPLOYMENT_TARGET = 9.2;
				MTL_ENABLE_DEBUG_INFO = NO;
				SDKROOT = iphoneos;
				VALIDATE_PRODUCT = YES;
			};
			name = Release;
		};
		902705D91C97502700755ADC /* Debug */ = {
			isa = XCBuildConfiguration;
			buildSettings = {
				ASSETCATALOG_COMPILER_APPICON_NAME = AppIcon;
				CODE_SIGN_IDENTITY = "iPhone Developer";
				"CODE_SIGN_IDENTITY[sdk=iphoneos*]" = "iPhone Developer";
				INFOPLIST_FILE = MyTvShows/Info.plist;
				LD_RUNPATH_SEARCH_PATHS = "$(inherited) @executable_path/Frameworks";
				PRODUCT_BUNDLE_IDENTIFIER = com.rh.MyTvShows2;
				PRODUCT_NAME = "$(TARGET_NAME)";
				PROVISIONING_PROFILE = "";
			};
			name = Debug;
		};
		902705DA1C97502700755ADC /* Release */ = {
			isa = XCBuildConfiguration;
			buildSettings = {
				ASSETCATALOG_COMPILER_APPICON_NAME = AppIcon;
				CODE_SIGN_IDENTITY = "iPhone Developer";
				"CODE_SIGN_IDENTITY[sdk=iphoneos*]" = "iPhone Developer";
				INFOPLIST_FILE = MyTvShows/Info.plist;
				LD_RUNPATH_SEARCH_PATHS = "$(inherited) @executable_path/Frameworks";
				PRODUCT_BUNDLE_IDENTIFIER = com.rh.MyTvShows2;
				PRODUCT_NAME = "$(TARGET_NAME)";
				PROVISIONING_PROFILE = "";
			};
			name = Release;
		};
/* End XCBuildConfiguration section */

/* Begin XCConfigurationList section */
		902705C11C97502600755ADC /* Build configuration list for PBXProject "MyTvShows" */ = {
			isa = XCConfigurationList;
			buildConfigurations = (
				902705D61C97502700755ADC /* Debug */,
				902705D71C97502700755ADC /* Release */,
			);
			defaultConfigurationIsVisible = 0;
			defaultConfigurationName = Release;
		};
		902705D81C97502700755ADC /* Build configuration list for PBXNativeTarget "MyTvShows" */ = {
			isa = XCConfigurationList;
			buildConfigurations = (
				902705D91C97502700755ADC /* Debug */,
				902705DA1C97502700755ADC /* Release */,
			);
			defaultConfigurationIsVisible = 0;
			defaultConfigurationName = Release;
		};
/* End XCConfigurationList section */
	};
	rootObject = 902705BE1C97502600755ADC /* Project object */;
}
